{
  "originHash" : "3fb6fa564f631aa6ea2da0fbe0d8964ae2983921d2a1c07cba7b0f1a6f5173dc",
  "pins" : [
    {
      "identity" : "alamofire",
      "kind" : "remoteSourceControl",
      "location" : "https://github.com/Alamofire/Alamofire.git",
      "state" : {
        "revision" : "bda9ed57d72988a3a2ada33d824583541f86eac6",
        "version" : "5.12.2"
      }
    },
    {
      "identity" : "amplitude-swift",
      "kind" : "remoteSourceControl",
      "location" : "https://github.com/amplitude/Amplitude-Swift",
      "state" : {
        "revision" : "1707b47e26f0f5856316299efa4404597e676a03",
        "version" : "1.19.2"
      }
    },
    {
      "identity" : "amplitudecore-swift",
      "kind" : "remoteSourceControl",
      "location" : "https://github.com/amplitude/AmplitudeCore-Swift.git",
      "state" : {
        "revision" : "78083c4fbd276735821025aec8601f06ace01bd1",
        "version" : "1.5.4"
      }
    },
    {
      "identity" : "analytics-connector-ios",
      "kind" : "remoteSourceControl",
      "location" : "https://github.com/amplitude/analytics-connector-ios.git",
      "state" : {
        "revision" : "6d1a5b9666192861342b70ea0b2274180a5e1d4f",
        "version" : "1.3.3"
      }
    },
    {
      "identity" : "kakao-ios-sdk",
      "kind" : "remoteSourceControl",
      "location" : "https://github.com/kakao/kakao-ios-sdk",
      "state" : {
        "revision" : "8627646b7430bcadc5a2f726b21ea25db70cd189",
        "version" : "2.29.0"
      }
    }
  ],
  "version" : 3
}
